
Microsoft Visual Studio Solution File, Format Version 12.00
# Visual Studio Version 17
VisualStudioVersion = 17.0.32126.317
MinimumVisualStudioVersion = 10.0.40219.1
Project("{FAE04EC0-301F-11D3-BF4B-00C04F79EFBC}") = "ConsoleAppProject", "ConsoleAppProject\ConsoleAppProject.csproj", "{24B134E0-7870-4F9E-A28A-3361538A6420}"
EndProject
Global
	GlobalSection(SolutionConfigurationPlatforms) = preSolution
		Debug|Any CPU = Debug|Any CPU
		Release|Any CPU = Release|Any CPU
	EndGlobalSection
	GlobalSection(ProjectConfigurationPlatforms) = postSolution
		{24B134E0-7870-4F9E-A28A-3361538A6420}.Debug|Any CPU.ActiveCfg = Debug|Any CPU
		{24B134E0-7870-4F9E-A28A-3361538A6420}.Debug|Any CPU.Build.0 = Debug|Any CPU
		{24B134E0-7870-4F9E-A28A-3361538A6420}.Release|Any CPU.ActiveCfg = Release|Any CPU
		{24B134E0-7870-4F9E-A28A-3361538A6420}.Release|Any CPU.Build.0 = Release|Any CPU
	EndGlobalSection
	GlobalSection(SolutionProperties) = preSolution
		HideSolutionNode = FALSE
	EndGlobalSection
	GlobalSection(ExtensibilityGlobals) = postSolution
		SolutionGuid = {76F9A7D4-22B4-4922-9311-E418F9742A82}
	EndGlobalSection
EndGlobal
